
Microsoft Visual Studio Solution File, Format Version 12.00
# Visual Studio 15
VisualStudioVersion = 15.0.27428.2027
MinimumVisualStudioVersion = 10.0.40219.1
Project("{FAE04EC0-301F-11D3-BF4B-00C04F79EFBC}") = "UnitOfWork", "UnitOfWork\UnitOfWork.csproj", "{C0D90CCE-776A-4464-A2DC-D1BC746B2CCD}"
EndProject
Project("{FAE04EC0-301F-11D3-BF4B-00C04F79EFBC}") = "Business", "Business\Business.csproj", "{63EAA797-9B95-4C53-8A64-0B68A22B0FCB}"
EndProject
Project("{FAE04EC0-301F-11D3-BF4B-00C04F79EFBC}") = "Data.EF", "Data.EF\Data.EF.csproj", "{9356DF7F-6FC5-4911-8D5A-22FD816E48EA}"
EndProject
Global
	GlobalSection(SolutionConfigurationPlatforms) = preSolution
		Debug|Any CPU = Debug|Any CPU
		Release|Any CPU = Release|Any CPU
	EndGlobalSection
	GlobalSection(ProjectConfigurationPlatforms) = postSolution
		{C0D90CCE-776A-4464-A2DC-D1BC746B2CCD}.Debug|Any CPU.ActiveCfg = Debug|Any CPU
		{C0D90CCE-776A-4464-A2DC-D1BC746B2CCD}.Debug|Any CPU.Build.0 = Debug|Any CPU
		{C0D90CCE-776A-4464-A2DC-D1BC746B2CCD}.Release|Any CPU.ActiveCfg = Release|Any CPU
		{C0D90CCE-776A-4464-A2DC-D1BC746B2CCD}.Release|Any CPU.Build.0 = Release|Any CPU
		{63EAA797-9B95-4C53-8A64-0B68A22B0FCB}.Debug|Any CPU.ActiveCfg = Debug|Any CPU
		{63EAA797-9B95-4C53-8A64-0B68A22B0FCB}.Debug|Any CPU.Build.0 = Debug|Any CPU
		{63EAA797-9B95-4C53-8A64-0B68A22B0FCB}.Release|Any CPU.ActiveCfg = Release|Any CPU
		{63EAA797-9B95-4C53-8A64-0B68A22B0FCB}.Release|Any CPU.Build.0 = Release|Any CPU
		{9356DF7F-6FC5-4911-8D5A-22FD816E48EA}.Debug|Any CPU.ActiveCfg = Debug|Any CPU
		{9356DF7F-6FC5-4911-8D5A-22FD816E48EA}.Debug|Any CPU.Build.0 = Debug|Any CPU
		{9356DF7F-6FC5-4911-8D5A-22FD816E48EA}.Release|Any CPU.ActiveCfg = Release|Any CPU
		{9356DF7F-6FC5-4911-8D5A-22FD816E48EA}.Release|Any CPU.Build.0 = Release|Any CPU
	EndGlobalSection
	GlobalSection(SolutionProperties) = preSolution
		HideSolutionNode = FALSE
	EndGlobalSection
	GlobalSection(ExtensibilityGlobals) = postSolution
		SolutionGuid = {F7C813A4-3CD2-4BA0-A520-9933E4BC3392}
	EndGlobalSection
EndGlobal
